
Microsoft Visual Studio Solution File, Format Version 12.00
# Visual Studio 14
VisualStudioVersion = 14.0.25420.1
MinimumVisualStudioVersion = 10.0.40219.1
Project("{FAE04EC0-301F-11D3-BF4B-00C04F79EFBC}") = "YPT", "YPT\YPT.csproj", "{21F36B16-B89A-427C-8A5C-ED0832F13C8D}"
	ProjectSection(ProjectDependencies) = postProject
		{FF9098C6-4E96-43DB-957C-C111976E87C7} = {FF9098C6-4E96-43DB-957C-C111976E87C7}
	EndProjectSection
EndProject
Project("{FAE04EC0-301F-11D3-BF4B-00C04F79EFBC}") = "YU.Core", "YU.Core\YU.Core.csproj", "{FF9098C6-4E96-43DB-957C-C111976E87C7}"
EndProject
Project("{FAE04EC0-301F-11D3-BF4B-00C04F79EFBC}") = "YU.PT", "YU.PT\YU.PT.csproj", "{416373F6-9D46-477D-9E97-0C994E71DDD7}"
EndProject
Project("{FAE04EC0-301F-11D3-BF4B-00C04F79EFBC}") = "YU.WebUI", "YU.WebUI\YU.WebUI.csproj", "{BF700E8B-F05E-46F1-84D6-1F550FC89CA7}"
EndProject
Global
	GlobalSection(SolutionConfigurationPlatforms) = preSolution
		Debug|Any CPU = Debug|Any CPU
		Release|Any CPU = Release|Any CPU
	EndGlobalSection
	GlobalSection(ProjectConfigurationPlatforms) = postSolution
		{21F36B16-B89A-427C-8A5C-ED0832F13C8D}.Debug|Any CPU.ActiveCfg = Debug|Any CPU
		{21F36B16-B89A-427C-8A5C-ED0832F13C8D}.Debug|Any CPU.Build.0 = Debug|Any CPU
		{21F36B16-B89A-427C-8A5C-ED0832F13C8D}.Release|Any CPU.ActiveCfg = Release|Any CPU
		{21F36B16-B89A-427C-8A5C-ED0832F13C8D}.Release|Any CPU.Build.0 = Release|Any CPU
		{FF9098C6-4E96-43DB-957C-C111976E87C7}.Debug|Any CPU.ActiveCfg = Debug|Any CPU
		{FF9098C6-4E96-43DB-957C-C111976E87C7}.Debug|Any CPU.Build.0 = Debug|Any CPU
		{FF9098C6-4E96-43DB-957C-C111976E87C7}.Release|Any CPU.ActiveCfg = Release|Any CPU
		{FF9098C6-4E96-43DB-957C-C111976E87C7}.Release|Any CPU.Build.0 = Release|Any CPU
		{416373F6-9D46-477D-9E97-0C994E71DDD7}.Debug|Any CPU.ActiveCfg = Debug|Any CPU
		{416373F6-9D46-477D-9E97-0C994E71DDD7}.Debug|Any CPU.Build.0 = Debug|Any CPU
		{416373F6-9D46-477D-9E97-0C994E71DDD7}.Release|Any CPU.ActiveCfg = Release|Any CPU
		{416373F6-9D46-477D-9E97-0C994E71DDD7}.Release|Any CPU.Build.0 = Release|Any CPU
		{BF700E8B-F05E-46F1-84D6-1F550FC89CA7}.Debug|Any CPU.ActiveCfg = Debug|Any CPU
		{BF700E8B-F05E-46F1-84D6-1F550FC89CA7}.Debug|Any CPU.Build.0 = Debug|Any CPU
		{BF700E8B-F05E-46F1-84D6-1F550FC89CA7}.Release|Any CPU.ActiveCfg = Release|Any CPU
		{BF700E8B-F05E-46F1-84D6-1F550FC89CA7}.Release|Any CPU.Build.0 = Release|Any CPU
	EndGlobalSection
	GlobalSection(SolutionProperties) = preSolution
		HideSolutionNode = FALSE
	EndGlobalSection
EndGlobal
